
Microsoft Visual Studio Solution File, Format Version 12.00
# Visual Studio Version 16
VisualStudioVersion = 16.0.30503.244
MinimumVisualStudioVersion = 10.0.40219.1
Project("{8BC9CEB8-8B4A-11D0-8D11-00A0C91BC942}") = "SuaLaiCollision", "DoAnGame\DoAnGame.vcxproj", "{677717AC-CCDC-46C7-A2AC-006E89D61D1E}"
EndProject
Global
	GlobalSection(SolutionConfigurationPlatforms) = preSolution
		Debug|x64 = Debug|x64
		Debug|x86 = Debug|x86
		Release|x64 = Release|x64
		Release|x86 = Release|x86
	EndGlobalSection
	GlobalSection(ProjectConfigurationPlatforms) = postSolution
		{677717AC-CCDC-46C7-A2AC-006E89D61D1E}.Debug|x64.ActiveCfg = Debug|x64
		{677717AC-CCDC-46C7-A2AC-006E89D61D1E}.Debug|x64.Build.0 = Debug|x64
		{677717AC-CCDC-46C7-A2AC-006E89D61D1E}.Debug|x86.ActiveCfg = Debug|Win32
		{677717AC-CCDC-46C7-A2AC-006E89D61D1E}.Debug|x86.Build.0 = Debug|Win32
		{677717AC-CCDC-46C7-A2AC-006E89D61D1E}.Release|x64.ActiveCfg = Release|x64
		{677717AC-CCDC-46C7-A2AC-006E89D61D1E}.Release|x64.Build.0 = Release|x64
		{677717AC-CCDC-46C7-A2AC-006E89D61D1E}.Release|x86.ActiveCfg = Release|Win32
		{677717AC-CCDC-46C7-A2AC-006E89D61D1E}.Release|x86.Build.0 = Release|Win32
	EndGlobalSection
	GlobalSection(SolutionProperties) = preSolution
		HideSolutionNode = FALSE
	EndGlobalSection
	GlobalSection(ExtensibilityGlobals) = postSolution
		SolutionGuid = {57D6BEC7-36DC-4E7F-B8AC-69BBCB363A12}
	EndGlobalSection
EndGlobal
